
Microsoft Visual Studio Solution File, Format Version 12.00
# Visual Studio Version 17
VisualStudioVersion = 17.14.36930.0 d17.14
MinimumVisualStudioVersion = 10.0.40219.1
Project("{FAE04EC0-301F-11D3-BF4B-00C04F79EFBC}") = "CrudOperation", "CrudOperation\CrudOperation.csproj", "{26F061B2-652B-4A2C-96D7-71824F71C731}"
EndProject
Global
	GlobalSection(SolutionConfigurationPlatforms) = preSolution
		Debug|Any CPU = Debug|Any CPU
		Release|Any CPU = Release|Any CPU
	EndGlobalSection
	GlobalSection(ProjectConfigurationPlatforms) = postSolution
		{26F061B2-652B-4A2C-96D7-71824F71C731}.Debug|Any CPU.ActiveCfg = Debug|Any CPU
		{26F061B2-652B-4A2C-96D7-71824F71C731}.Debug|Any CPU.Build.0 = Debug|Any CPU
		{26F061B2-652B-4A2C-96D7-71824F71C731}.Release|Any CPU.ActiveCfg = Release|Any CPU
		{26F061B2-652B-4A2C-96D7-71824F71C731}.Release|Any CPU.Build.0 = Release|Any CPU
	EndGlobalSection
	GlobalSection(SolutionProperties) = preSolution
		HideSolutionNode = FALSE
	EndGlobalSection
	GlobalSection(ExtensibilityGlobals) = postSolution
		SolutionGuid = {7B9D1679-BC96-458D-8F01-A1B5A949E054}
	EndGlobalSection
EndGlobal
